
Microsoft Visual Studio Solution File, Format Version 12.00
# Visual Studio 15
Project("{FAE04EC0-301F-11D3-BF4B-00C04F79EFBC}") = "Pcx.Editor", "Pcx.Editor.csproj", "{DA403B18-479C-2682-D80F-F4ACF2A27438}"
EndProject
Project("{FAE04EC0-301F-11D3-BF4B-00C04F79EFBC}") = "Assembly-CSharp", "Assembly-CSharp.csproj", "{07EE7670-63AC-4079-9BC0-0069583210D5}"
EndProject
Project("{FAE04EC0-301F-11D3-BF4B-00C04F79EFBC}") = "Pcx", "Pcx.csproj", "{16DB561F-EA0E-C11C-EFE6-BA1519420BC9}"
EndProject
Global
	GlobalSection(SolutionConfigurationPlatforms) = preSolution
		Debug|Any CPU = Debug|Any CPU
		Release|Any CPU = Release|Any CPU
	EndGlobalSection
	GlobalSection(ProjectConfigurationPlatforms) = postSolution
		{DA403B18-479C-2682-D80F-F4ACF2A27438}.Debug|Any CPU.ActiveCfg = Debug|Any CPU
		{DA403B18-479C-2682-D80F-F4ACF2A27438}.Debug|Any CPU.Build.0 = Debug|Any CPU
		{DA403B18-479C-2682-D80F-F4ACF2A27438}.Release|Any CPU.ActiveCfg = Release|Any CPU
		{DA403B18-479C-2682-D80F-F4ACF2A27438}.Release|Any CPU.Build.0 = Release|Any CPU
		{07EE7670-63AC-4079-9BC0-0069583210D5}.Debug|Any CPU.ActiveCfg = Debug|Any CPU
		{07EE7670-63AC-4079-9BC0-0069583210D5}.Debug|Any CPU.Build.0 = Debug|Any CPU
		{07EE7670-63AC-4079-9BC0-0069583210D5}.Release|Any CPU.ActiveCfg = Release|Any CPU
		{07EE7670-63AC-4079-9BC0-0069583210D5}.Release|Any CPU.Build.0 = Release|Any CPU
		{16DB561F-EA0E-C11C-EFE6-BA1519420BC9}.Debug|Any CPU.ActiveCfg = Debug|Any CPU
		{16DB561F-EA0E-C11C-EFE6-BA1519420BC9}.Debug|Any CPU.Build.0 = Debug|Any CPU
		{16DB561F-EA0E-C11C-EFE6-BA1519420BC9}.Release|Any CPU.ActiveCfg = Release|Any CPU
		{16DB561F-EA0E-C11C-EFE6-BA1519420BC9}.Release|Any CPU.Build.0 = Release|Any CPU
	EndGlobalSection
	GlobalSection(SolutionProperties) = preSolution
		HideSolutionNode = FALSE
	EndGlobalSection
EndGlobal
